{
  "nodes": {
    "async-process": {
      "flake": false,
      "locked": {
        "lastModified": 1765867240,
        "narHash": "sha256-2qBjZ7ruhz6zmhkQBOkIQ/4eKH1Nvzfr5Gsa+0P8OFA=",
        "owner": "lem-project",
        "repo": "async-process",
        "rev": "3ea46fcd238fdda101b644221ecf5e311c171a21",
        "type": "github"
      },
      "original": {
        "owner": "lem-project",
        "repo": "async-process",
        "type": "github"
      }
    },
    "cl-webview": {
      "flake": false,
      "locked": {
        "lastModified": 1755914064,
        "narHash": "sha256-PsHF4PoSa93x2vHrqU1aeNHKutli6Y//Yqs5SQGxGWU=",
        "owner": "lem-project",
        "repo": "webview",
        "rev": "238a0be10c6c37311ce2587ef99142f65abd880a",
        "type": "github"
      },
      "original": {
        "owner": "lem-project",
        "repo": "webview",
        "type": "github"
      }
    },
    "cltpt": {
      "inputs": {
        "flake-utils": "flake-utils",
        "nixpkgs": [
          "nixpkgs"
        ]
      },
      "locked": {
        "lastModified": 1771090311,
        "narHash": "sha256-xiqlDULrb2bebKW1c1Z4QXbLxf+0rn6yAvflUTbSLM8=",
        "owner": "mahmoodsh36",
        "repo": "cltpt",
        "rev": "13ca647246a2704d8e522b60d8cb2d69145d2263",
        "type": "github"
      },
      "original": {
        "owner": "mahmoodsh36",
        "repo": "cltpt",
        "type": "github"
      }
    },
    "flake-parts": {
      "inputs": {
        "nixpkgs-lib": "nixpkgs-lib"
      },
      "locked": {
        "lastModified": 1769996383,
        "narHash": "sha256-AnYjnFWgS49RlqX7LrC4uA+sCCDBj0Ry/WOJ5XWAsa0=",
        "owner": "hercules-ci",
        "repo": "flake-parts",
        "rev": "57928607ea566b5db3ad13af0e57e921e6b12381",
        "type": "github"
      },
      "original": {
        "owner": "hercules-ci",
        "repo": "flake-parts",
        "type": "github"
      }
    },
    "flake-utils": {
      "inputs": {
        "systems": "systems"
      },
      "locked": {
        "lastModified": 1731533236,
        "narHash": "sha256-l0KFg5HjrsfsO/JpG+r7fRrqm12kzFHyUHqHCVpMMbI=",
        "owner": "numtide",
        "repo": "flake-utils",
        "rev": "11707dc2f618dd54ca8739b309ec4fc024de578b",
        "type": "github"
      },
      "original": {
        "owner": "numtide",
        "repo": "flake-utils",
        "type": "github"
      }
    },
    "jsonrpc": {
      "flake": false,
      "locked": {
        "lastModified": 1754241876,
        "narHash": "sha256-tG2poXDvHX6twLmW8keaJedKfrFpmoHJZAmyuN0NRFk=",
        "owner": "cxxxr",
        "repo": "jsonrpc",
        "rev": "42fa96ec34f6b6be77a6f12f7c4e84f375eff019",
        "type": "github"
      },
      "original": {
        "owner": "cxxxr",
        "repo": "jsonrpc",
        "type": "github"
      }
    },
    "lem": {
      "flake": false,
      "locked": {
        "lastModified": 1771086830,
        "narHash": "sha256-Ow5Wr8b/oHHD5na1TnVXNG7+cybCZvRnTI2T5cMF030=",
        "owner": "mahmoodsh36",
        "repo": "lem",
        "rev": "64fb14e584336d04528d8f107c7dad714725d7df",
        "type": "github"
      },
      "original": {
        "owner": "mahmoodsh36",
        "repo": "lem",
        "type": "github"
      }
    },
    "lem-mailbox": {
      "flake": false,
      "locked": {
        "lastModified": 1694350537,
        "narHash": "sha256-hb6GSWA7vUuvSSPSmfZ80aBuvSVyg74qveoCPRP2CeI=",
        "owner": "lem-project",
        "repo": "lem-mailbox",
        "rev": "12d629541da440fadf771b0225a051ae65fa342a",
        "type": "github"
      },
      "original": {
        "owner": "lem-project",
        "repo": "lem-mailbox",
        "type": "github"
      }
    },
    "micros": {
      "flake": false,
      "locked": {
        "lastModified": 1765983031,
        "narHash": "sha256-HGcKeHy5foq2M1sKQRr7eahYLTESBbQAr7ufz1+Dyhw=",
        "owner": "lem-project",
        "repo": "micros",
        "rev": "2ec61c8d6028d219cc511a0e41d9228761c84251",
        "type": "github"
      },
      "original": {
        "owner": "lem-project",
        "repo": "micros",
        "type": "github"
      }
    },
    "nixpkgs": {
      "locked": {
        "lastModified": 1771082338,
        "narHash": "sha256-GzoycjfhP/pFrQFs3MMpgbyxiNM/L/CpJG3lf4gSsaM=",
        "owner": "nixos",
        "repo": "nixpkgs",
        "rev": "711f4dd1ac56f756bbb06313aeac4caf872f6d83",
        "type": "github"
      },
      "original": {
        "owner": "nixos",
        "ref": "release-25.11",
        "repo": "nixpkgs",
        "type": "github"
      }
    },
    "nixpkgs-lib": {
      "locked": {
        "lastModified": 1769909678,
        "narHash": "sha256-cBEymOf4/o3FD5AZnzC3J9hLbiZ+QDT/KDuyHXVJOpM=",
        "owner": "nix-community",
        "repo": "nixpkgs.lib",
        "rev": "72716169fe93074c333e8d0173151350670b824c",
        "type": "github"
      },
      "original": {
        "owner": "nix-community",
        "repo": "nixpkgs.lib",
        "type": "github"
      }
    },
    "organ-mode": {
      "flake": false,
      "locked": {
        "lastModified": 1771086890,
        "narHash": "sha256-+M8quJXGqCL2/Go96TqwV2fkb/jByA70fgGZSEUlghk=",
        "owner": "mahmoodsh36",
        "repo": "organ-mode",
        "rev": "8d32146a1b60eb3a3455dbcf0dca124c10529990",
        "type": "github"
      },
      "original": {
        "owner": "mahmoodsh36",
        "repo": "organ-mode",
        "type": "github"
      }
    },
    "root": {
      "inputs": {
        "async-process": "async-process",
        "cl-webview": "cl-webview",
        "cltpt": "cltpt",
        "flake-parts": "flake-parts",
        "jsonrpc": "jsonrpc",
        "lem": "lem",
        "lem-mailbox": "lem-mailbox",
        "micros": "micros",
        "nixpkgs": "nixpkgs",
        "organ-mode": "organ-mode",
        "tree-sitter-cl": "tree-sitter-cl",
        "webview-upstream": "webview-upstream"
      }
    },
    "systems": {
      "locked": {
        "lastModified": 1681028828,
        "narHash": "sha256-Vy1rq5AaRuLzOxct8nz4T6wlgyUR7zLU309k9mBC768=",
        "owner": "nix-systems",
        "repo": "default",
        "rev": "da67096a3b9bf56a91d16901293e51ba5b49a27e",
        "type": "github"
      },
      "original": {
        "owner": "nix-systems",
        "repo": "default",
        "type": "github"
      }
    },
    "tree-sitter-cl": {
      "flake": false,
      "locked": {
        "lastModified": 1766193408,
        "narHash": "sha256-XbChbpGoS1oDB7r3PiNBqbZUqAAYSgW+vF9xtMqky4Y=",
        "owner": "lem-project",
        "repo": "tree-sitter-cl",
        "rev": "431b572d0e49d64a78320cc5f4b4a90391024ce6",
        "type": "github"
      },
      "original": {
        "owner": "lem-project",
        "repo": "tree-sitter-cl",
        "type": "github"
      }
    },
    "webview-upstream": {
      "flake": false,
      "locked": {
        "lastModified": 1770942116,
        "narHash": "sha256-nTXjzKLGobpUfyY+USZFBOxIuBChaaHGzy6Tm7+z/wQ=",
        "owner": "webview",
        "repo": "webview",
        "rev": "9a608c2ce21521f2e1006df2003970cf02871ede",
        "type": "github"
      },
      "original": {
        "owner": "webview",
        "repo": "webview",
        "type": "github"
      }
    }
  },
  "root": "root",
  "version": 7
}
